
Microsoft Visual Studio Solution File, Format Version 12.00
# Visual Studio Version 16
VisualStudioVersion = 16.0.30907.101
MinimumVisualStudioVersion = 10.0.40219.1
Project("{FAE04EC0-301F-11D3-BF4B-00C04F79EFBC}") = "Calculator", "Calculator\Calculator.csproj", "{0DA87457-310C-4020-BA6F-465732E66E32}"
EndProject
Global
	GlobalSection(SolutionConfigurationPlatforms) = preSolution
		Debug|Any CPU = Debug|Any CPU
		Release|Any CPU = Release|Any CPU
	EndGlobalSection
	GlobalSection(ProjectConfigurationPlatforms) = postSolution
		{0DA87457-310C-4020-BA6F-465732E66E32}.Debug|Any CPU.ActiveCfg = Debug|Any CPU
		{0DA87457-310C-4020-BA6F-465732E66E32}.Debug|Any CPU.Build.0 = Debug|Any CPU
		{0DA87457-310C-4020-BA6F-465732E66E32}.Release|Any CPU.ActiveCfg = Release|Any CPU
		{0DA87457-310C-4020-BA6F-465732E66E32}.Release|Any CPU.Build.0 = Release|Any CPU
	EndGlobalSection
	GlobalSection(SolutionProperties) = preSolution
		HideSolutionNode = FALSE
	EndGlobalSection
	GlobalSection(ExtensibilityGlobals) = postSolution
		SolutionGuid = {E5CB7D20-6350-4795-9154-C62E15CB932D}
	EndGlobalSection
EndGlobal
